
Microsoft Visual Studio Solution File, Format Version 12.00
# Visual Studio 14
VisualStudioVersion = 14.0.25420.1
MinimumVisualStudioVersion = 10.0.40219.1
Project("{FAE04EC0-301F-11D3-BF4B-00C04F79EFBC}") = "Real-Time-Commenting", "Real-Time-Commenting\Real-Time-Commenting.csproj", "{8AB19237-6F10-4C61-949F-940EAF0A06F0}"
EndProject
Project("{FAE04EC0-301F-11D3-BF4B-00C04F79EFBC}") = "Real-Time-Commenting.Tests", "Real-Time-Commenting.Tests\Real-Time-Commenting.Tests.csproj", "{EC70285B-6796-4CEE-A370-2E45CA4AEDCA}"
EndProject
Global
	GlobalSection(SolutionConfigurationPlatforms) = preSolution
		Debug|Any CPU = Debug|Any CPU
		Release|Any CPU = Release|Any CPU
	EndGlobalSection
	GlobalSection(ProjectConfigurationPlatforms) = postSolution
		{8AB19237-6F10-4C61-949F-940EAF0A06F0}.Debug|Any CPU.ActiveCfg = Debug|Any CPU
		{8AB19237-6F10-4C61-949F-940EAF0A06F0}.Debug|Any CPU.Build.0 = Debug|Any CPU
		{8AB19237-6F10-4C61-949F-940EAF0A06F0}.Release|Any CPU.ActiveCfg = Release|Any CPU
		{8AB19237-6F10-4C61-949F-940EAF0A06F0}.Release|Any CPU.Build.0 = Release|Any CPU
		{EC70285B-6796-4CEE-A370-2E45CA4AEDCA}.Debug|Any CPU.ActiveCfg = Debug|Any CPU
		{EC70285B-6796-4CEE-A370-2E45CA4AEDCA}.Debug|Any CPU.Build.0 = Debug|Any CPU
		{EC70285B-6796-4CEE-A370-2E45CA4AEDCA}.Release|Any CPU.ActiveCfg = Release|Any CPU
		{EC70285B-6796-4CEE-A370-2E45CA4AEDCA}.Release|Any CPU.Build.0 = Release|Any CPU
	EndGlobalSection
	GlobalSection(SolutionProperties) = preSolution
		HideSolutionNode = FALSE
	EndGlobalSection
EndGlobal
